
Microsoft Visual Studio Solution File, Format Version 12.00
# Visual Studio Version 16
VisualStudioVersion = 16.0.29806.167
MinimumVisualStudioVersion = 10.0.40219.1
Project("{9A19103F-16F7-4668-BE54-9A1E7A4F7556}") = "WebUI", "WebUI\WebUI.csproj", "{7F16EDF5-7E80-4D07-82E9-3641D0B78AAB}"
EndProject
Project("{9A19103F-16F7-4668-BE54-9A1E7A4F7556}") = "Domain", "Domain\Domain.csproj", "{36C24FDE-7E2E-4A33-9E1C-298F997506F8}"
EndProject
Project("{9A19103F-16F7-4668-BE54-9A1E7A4F7556}") = "Application", "Application\Application.csproj", "{C452B263-BAB4-47E1-9B37-CC7BB87A8EC8}"
EndProject
Project("{9A19103F-16F7-4668-BE54-9A1E7A4F7556}") = "Persistence", "Persistence\Persistence.csproj", "{1DF5EDAF-C19F-4B0F-B5D1-798B341F1540}"
EndProject
Project("{9A19103F-16F7-4668-BE54-9A1E7A4F7556}") = "Infrastructure", "Infrastructure\Infrastructure.csproj", "{D91E12C4-E376-4E07-B3FD-7D0D3C9A5F37}"
EndProject
Project("{2150E333-8FDC-42A3-9474-1A3956D46DE8}") = "Solution Items", "Solution Items", "{F0EE9426-64B7-4925-B1A6-630AFDE84EBF}"
	ProjectSection(SolutionItems) = preProject
		RuleSet.ruleset = RuleSet.ruleset
	EndProjectSection
EndProject
Project("{9A19103F-16F7-4668-BE54-9A1E7A4F7556}") = "Common", "Common\Common.csproj", "{24CDF90C-6F0A-4941-A89D-F509E4A3A0E5}"
EndProject
Project("{FAE04EC0-301F-11D3-BF4B-00C04F79EFBC}") = "WebUI.Test", "..\Tests\WebUI.Test\WebUI.Test.csproj", "{685FA71C-A367-439C-B393-C52DBB320FA1}"
EndProject
Global
	GlobalSection(SolutionConfigurationPlatforms) = preSolution
		Debug|Any CPU = Debug|Any CPU
		Release|Any CPU = Release|Any CPU
	EndGlobalSection
	GlobalSection(ProjectConfigurationPlatforms) = postSolution
		{7F16EDF5-7E80-4D07-82E9-3641D0B78AAB}.Debug|Any CPU.ActiveCfg = Debug|Any CPU
		{7F16EDF5-7E80-4D07-82E9-3641D0B78AAB}.Debug|Any CPU.Build.0 = Debug|Any CPU
		{7F16EDF5-7E80-4D07-82E9-3641D0B78AAB}.Release|Any CPU.ActiveCfg = Release|Any CPU
		{7F16EDF5-7E80-4D07-82E9-3641D0B78AAB}.Release|Any CPU.Build.0 = Release|Any CPU
		{36C24FDE-7E2E-4A33-9E1C-298F997506F8}.Debug|Any CPU.ActiveCfg = Debug|Any CPU
		{36C24FDE-7E2E-4A33-9E1C-298F997506F8}.Debug|Any CPU.Build.0 = Debug|Any CPU
		{36C24FDE-7E2E-4A33-9E1C-298F997506F8}.Release|Any CPU.ActiveCfg = Release|Any CPU
		{36C24FDE-7E2E-4A33-9E1C-298F997506F8}.Release|Any CPU.Build.0 = Release|Any CPU
		{C452B263-BAB4-47E1-9B37-CC7BB87A8EC8}.Debug|Any CPU.ActiveCfg = Debug|Any CPU
		{C452B263-BAB4-47E1-9B37-CC7BB87A8EC8}.Debug|Any CPU.Build.0 = Debug|Any CPU
		{C452B263-BAB4-47E1-9B37-CC7BB87A8EC8}.Release|Any CPU.ActiveCfg = Release|Any CPU
		{C452B263-BAB4-47E1-9B37-CC7BB87A8EC8}.Release|Any CPU.Build.0 = Release|Any CPU
		{1DF5EDAF-C19F-4B0F-B5D1-798B341F1540}.Debug|Any CPU.ActiveCfg = Debug|Any CPU
		{1DF5EDAF-C19F-4B0F-B5D1-798B341F1540}.Debug|Any CPU.Build.0 = Debug|Any CPU
		{1DF5EDAF-C19F-4B0F-B5D1-798B341F1540}.Release|Any CPU.ActiveCfg = Release|Any CPU
		{1DF5EDAF-C19F-4B0F-B5D1-798B341F1540}.Release|Any CPU.Build.0 = Release|Any CPU
		{D91E12C4-E376-4E07-B3FD-7D0D3C9A5F37}.Debug|Any CPU.ActiveCfg = Debug|Any CPU
		{D91E12C4-E376-4E07-B3FD-7D0D3C9A5F37}.Debug|Any CPU.Build.0 = Debug|Any CPU
		{D91E12C4-E376-4E07-B3FD-7D0D3C9A5F37}.Release|Any CPU.ActiveCfg = Release|Any CPU
		{D91E12C4-E376-4E07-B3FD-7D0D3C9A5F37}.Release|Any CPU.Build.0 = Release|Any CPU
		{24CDF90C-6F0A-4941-A89D-F509E4A3A0E5}.Debug|Any CPU.ActiveCfg = Debug|Any CPU
		{24CDF90C-6F0A-4941-A89D-F509E4A3A0E5}.Debug|Any CPU.Build.0 = Debug|Any CPU
		{24CDF90C-6F0A-4941-A89D-F509E4A3A0E5}.Release|Any CPU.ActiveCfg = Release|Any CPU
		{24CDF90C-6F0A-4941-A89D-F509E4A3A0E5}.Release|Any CPU.Build.0 = Release|Any CPU
		{685FA71C-A367-439C-B393-C52DBB320FA1}.Debug|Any CPU.ActiveCfg = Debug|Any CPU
		{685FA71C-A367-439C-B393-C52DBB320FA1}.Debug|Any CPU.Build.0 = Debug|Any CPU
		{685FA71C-A367-439C-B393-C52DBB320FA1}.Release|Any CPU.ActiveCfg = Release|Any CPU
		{685FA71C-A367-439C-B393-C52DBB320FA1}.Release|Any CPU.Build.0 = Release|Any CPU
	EndGlobalSection
	GlobalSection(SolutionProperties) = preSolution
		HideSolutionNode = FALSE
	EndGlobalSection
	GlobalSection(NestedProjects) = preSolution
		{C452B263-BAB4-47E1-9B37-CC7BB87A8EC8} = {F0EE9426-64B7-4925-B1A6-630AFDE84EBF}
	EndGlobalSection
	GlobalSection(ExtensibilityGlobals) = postSolution
		SolutionGuid = {D7D45F2B-1802-4D6A-B0C0-7687B847B4B6}
	EndGlobalSection
EndGlobal
